
Microsoft Visual Studio Solution File, Format Version 12.00
# Visual Studio Version 17
VisualStudioVersion = 17.14.36202.13 d17.14
MinimumVisualStudioVersion = 10.0.40219.1
Project("{FAE04EC0-301F-11D3-BF4B-00C04F79EFBC}") = "Arduino", "Arduino.csproj", "{DB955831-4E6C-4322-A429-4CB6C424321F}"
EndProject
Global
	GlobalSection(SolutionConfigurationPlatforms) = preSolution
		Debug|Any CPU = Debug|Any CPU
		Release|Any CPU = Release|Any CPU
	EndGlobalSection
	GlobalSection(ProjectConfigurationPlatforms) = postSolution
		{DB955831-4E6C-4322-A429-4CB6C424321F}.Debug|Any CPU.ActiveCfg = Debug|Any CPU
		{DB955831-4E6C-4322-A429-4CB6C424321F}.Debug|Any CPU.Build.0 = Debug|Any CPU
		{DB955831-4E6C-4322-A429-4CB6C424321F}.Release|Any CPU.ActiveCfg = Release|Any CPU
		{DB955831-4E6C-4322-A429-4CB6C424321F}.Release|Any CPU.Build.0 = Release|Any CPU
	EndGlobalSection
	GlobalSection(SolutionProperties) = preSolution
		HideSolutionNode = FALSE
	EndGlobalSection
	GlobalSection(ExtensibilityGlobals) = postSolution
		SolutionGuid = {11D449DE-2707-4E80-8510-391427E889E9}
	EndGlobalSection
EndGlobal
